
Microsoft Visual Studio Solution File, Format Version 12.00
# Visual Studio Version 16
VisualStudioVersion = 16.0.29709.97
MinimumVisualStudioVersion = 10.0.40219.1
Project("{FAE04EC0-301F-11D3-BF4B-00C04F79EFBC}") = "NDMA.Android", "NDMA\NDMA.Android\NDMA.Android.csproj", "{535027D2-B401-4BEE-AA47-9E0F31E059A2}"
EndProject
Project("{FAE04EC0-301F-11D3-BF4B-00C04F79EFBC}") = "NDMA.iOS", "NDMA\NDMA.iOS\NDMA.iOS.csproj", "{80DC0899-5911-46C9-806E-871812A193AF}"
EndProject
Project("{FAE04EC0-301F-11D3-BF4B-00C04F79EFBC}") = "NDMA", "NDMA\NDMA\NDMA.csproj", "{E406201A-3BD9-4F64-ABFF-93A1F9E3DDFA}"
EndProject
Global
	GlobalSection(SolutionConfigurationPlatforms) = preSolution
		Debug|Any CPU = Debug|Any CPU
		Debug|iPhone = Debug|iPhone
		Debug|iPhoneSimulator = Debug|iPhoneSimulator
		Release|Any CPU = Release|Any CPU
		Release|iPhone = Release|iPhone
		Release|iPhoneSimulator = Release|iPhoneSimulator
	EndGlobalSection
	GlobalSection(ProjectConfigurationPlatforms) = postSolution
		{535027D2-B401-4BEE-AA47-9E0F31E059A2}.Debug|Any CPU.ActiveCfg = Debug|Any CPU
		{535027D2-B401-4BEE-AA47-9E0F31E059A2}.Debug|Any CPU.Build.0 = Debug|Any CPU
		{535027D2-B401-4BEE-AA47-9E0F31E059A2}.Debug|Any CPU.Deploy.0 = Debug|Any CPU
		{535027D2-B401-4BEE-AA47-9E0F31E059A2}.Debug|iPhone.ActiveCfg = Debug|Any CPU
		{535027D2-B401-4BEE-AA47-9E0F31E059A2}.Debug|iPhone.Build.0 = Debug|Any CPU
		{535027D2-B401-4BEE-AA47-9E0F31E059A2}.Debug|iPhone.Deploy.0 = Debug|Any CPU
		{535027D2-B401-4BEE-AA47-9E0F31E059A2}.Debug|iPhoneSimulator.ActiveCfg = Debug|Any CPU
		{535027D2-B401-4BEE-AA47-9E0F31E059A2}.Debug|iPhoneSimulator.Build.0 = Debug|Any CPU
		{535027D2-B401-4BEE-AA47-9E0F31E059A2}.Debug|iPhoneSimulator.Deploy.0 = Debug|Any CPU
		{535027D2-B401-4BEE-AA47-9E0F31E059A2}.Release|Any CPU.ActiveCfg = Release|Any CPU
		{535027D2-B401-4BEE-AA47-9E0F31E059A2}.Release|Any CPU.Build.0 = Release|Any CPU
		{535027D2-B401-4BEE-AA47-9E0F31E059A2}.Release|Any CPU.Deploy.0 = Release|Any CPU
		{535027D2-B401-4BEE-AA47-9E0F31E059A2}.Release|iPhone.ActiveCfg = Release|Any CPU
		{535027D2-B401-4BEE-AA47-9E0F31E059A2}.Release|iPhone.Build.0 = Release|Any CPU
		{535027D2-B401-4BEE-AA47-9E0F31E059A2}.Release|iPhone.Deploy.0 = Release|Any CPU
		{535027D2-B401-4BEE-AA47-9E0F31E059A2}.Release|iPhoneSimulator.ActiveCfg = Release|Any CPU
		{535027D2-B401-4BEE-AA47-9E0F31E059A2}.Release|iPhoneSimulator.Build.0 = Release|Any CPU
		{535027D2-B401-4BEE-AA47-9E0F31E059A2}.Release|iPhoneSimulator.Deploy.0 = Release|Any CPU
		{80DC0899-5911-46C9-806E-871812A193AF}.Debug|Any CPU.ActiveCfg = Debug|iPhoneSimulator
		{80DC0899-5911-46C9-806E-871812A193AF}.Debug|Any CPU.Build.0 = Debug|iPhoneSimulator
		{80DC0899-5911-46C9-806E-871812A193AF}.Debug|Any CPU.Deploy.0 = Debug|iPhoneSimulator
		{80DC0899-5911-46C9-806E-871812A193AF}.Debug|iPhone.ActiveCfg = Debug|iPhone
		{80DC0899-5911-46C9-806E-871812A193AF}.Debug|iPhone.Build.0 = Debug|iPhone
		{80DC0899-5911-46C9-806E-871812A193AF}.Debug|iPhone.Deploy.0 = Debug|iPhone
		{80DC0899-5911-46C9-806E-871812A193AF}.Debug|iPhoneSimulator.ActiveCfg = Debug|iPhoneSimulator
		{80DC0899-5911-46C9-806E-871812A193AF}.Debug|iPhoneSimulator.Build.0 = Debug|iPhoneSimulator
		{80DC0899-5911-46C9-806E-871812A193AF}.Debug|iPhoneSimulator.Deploy.0 = Debug|iPhoneSimulator
		{80DC0899-5911-46C9-806E-871812A193AF}.Release|Any CPU.ActiveCfg = Release|iPhone
		{80DC0899-5911-46C9-806E-871812A193AF}.Release|Any CPU.Build.0 = Release|iPhone
		{80DC0899-5911-46C9-806E-871812A193AF}.Release|Any CPU.Deploy.0 = Release|iPhone
		{80DC0899-5911-46C9-806E-871812A193AF}.Release|iPhone.ActiveCfg = Release|iPhone
		{80DC0899-5911-46C9-806E-871812A193AF}.Release|iPhone.Build.0 = Release|iPhone
		{80DC0899-5911-46C9-806E-871812A193AF}.Release|iPhone.Deploy.0 = Release|iPhone
		{80DC0899-5911-46C9-806E-871812A193AF}.Release|iPhoneSimulator.ActiveCfg = Release|iPhoneSimulator
		{80DC0899-5911-46C9-806E-871812A193AF}.Release|iPhoneSimulator.Build.0 = Release|iPhoneSimulator
		{80DC0899-5911-46C9-806E-871812A193AF}.Release|iPhoneSimulator.Deploy.0 = Release|iPhoneSimulator
		{E406201A-3BD9-4F64-ABFF-93A1F9E3DDFA}.Debug|Any CPU.ActiveCfg = Debug|Any CPU
		{E406201A-3BD9-4F64-ABFF-93A1F9E3DDFA}.Debug|Any CPU.Build.0 = Debug|Any CPU
		{E406201A-3BD9-4F64-ABFF-93A1F9E3DDFA}.Debug|Any CPU.Deploy.0 = Debug|Any CPU
		{E406201A-3BD9-4F64-ABFF-93A1F9E3DDFA}.Debug|iPhone.ActiveCfg = Debug|Any CPU
		{E406201A-3BD9-4F64-ABFF-93A1F9E3DDFA}.Debug|iPhone.Build.0 = Debug|Any CPU
		{E406201A-3BD9-4F64-ABFF-93A1F9E3DDFA}.Debug|iPhone.Deploy.0 = Debug|Any CPU
		{E406201A-3BD9-4F64-ABFF-93A1F9E3DDFA}.Debug|iPhoneSimulator.ActiveCfg = Debug|Any CPU
		{E406201A-3BD9-4F64-ABFF-93A1F9E3DDFA}.Debug|iPhoneSimulator.Build.0 = Debug|Any CPU
		{E406201A-3BD9-4F64-ABFF-93A1F9E3DDFA}.Debug|iPhoneSimulator.Deploy.0 = Debug|Any CPU
		{E406201A-3BD9-4F64-ABFF-93A1F9E3DDFA}.Release|Any CPU.ActiveCfg = Release|Any CPU
		{E406201A-3BD9-4F64-ABFF-93A1F9E3DDFA}.Release|Any CPU.Build.0 = Release|Any CPU
		{E406201A-3BD9-4F64-ABFF-93A1F9E3DDFA}.Release|Any CPU.Deploy.0 = Release|Any CPU
		{E406201A-3BD9-4F64-ABFF-93A1F9E3DDFA}.Release|iPhone.ActiveCfg = Release|Any CPU
		{E406201A-3BD9-4F64-ABFF-93A1F9E3DDFA}.Release|iPhone.Build.0 = Release|Any CPU
		{E406201A-3BD9-4F64-ABFF-93A1F9E3DDFA}.Release|iPhone.Deploy.0 = Release|Any CPU
		{E406201A-3BD9-4F64-ABFF-93A1F9E3DDFA}.Release|iPhoneSimulator.ActiveCfg = Release|Any CPU
		{E406201A-3BD9-4F64-ABFF-93A1F9E3DDFA}.Release|iPhoneSimulator.Build.0 = Release|Any CPU
		{E406201A-3BD9-4F64-ABFF-93A1F9E3DDFA}.Release|iPhoneSimulator.Deploy.0 = Release|Any CPU
	EndGlobalSection
	GlobalSection(SolutionProperties) = preSolution
		HideSolutionNode = FALSE
	EndGlobalSection
	GlobalSection(ExtensibilityGlobals) = postSolution
		SolutionGuid = {6BCFF860-D948-4CD1-B64C-F04D49830B9B}
	EndGlobalSection
EndGlobal
